// !$*UTF8*$!
{
	archiveVersion = 1;
	classes = {
	};
	objectVersion = 51;
	objects = {

/* Begin PBXBuildFile section */
		0B6FE98BED658D725EE84515 /* Pods_PhotosSearchPracticeTests.framework in Frameworks */ = {isa = PBXBuildFile; fileRef = 1E061C4D7101EE4318C92072 /* Pods_PhotosSearchPracticeTests.framework */; };
		2246DDC2255ECD0D00508A1B /* AppDelegate.swift in Sources */ = {isa = PBXBuildFile; fileRef = 2246DDC1255ECD0D00508A1B /* AppDelegate.swift */; };
		2246DDC4255ECD0D00508A1B /* SceneDelegate.swift in Sources */ = {isa = PBXBuildFile; fileRef = 2246DDC3255ECD0D00508A1B /* SceneDelegate.swift */; };
		2246DDC6255ECD0D00508A1B /* SearchViewController.swift in Sources */ = {isa = PBXBuildFile; fileRef = 2246DDC5255ECD0D00508A1B /* SearchViewController.swift */; };
		2246DDCC255ECD0D00508A1B /* PhotosSearchPractice.xcdatamodeld in Sources */ = {isa = PBXBuildFile; fileRef = 2246DDCA255ECD0D00508A1B /* PhotosSearchPractice.xcdatamodeld */; };
		2246DDCE255ECD0E00508A1B /* Assets.xcassets in Resources */ = {isa = PBXBuildFile; fileRef = 2246DDCD255ECD0E00508A1B /* Assets.xcassets */; };
		2246DDD1255ECD0E00508A1B /* LaunchScreen.storyboard in Resources */ = {isa = PBXBuildFile; fileRef = 2246DDCF255ECD0E00508A1B /* LaunchScreen.storyboard */; };
		2246DDDC255ECD0E00508A1B /* PhotosSearchPracticeTests.swift in Sources */ = {isa = PBXBuildFile; fileRef = 2246DDDB255ECD0E00508A1B /* PhotosSearchPracticeTests.swift */; };
		2246DDEC255FA42800508A1B /* HTTPClient.swift in Sources */ = {isa = PBXBuildFile; fileRef = 2246DDEB255FA42800508A1B /* HTTPClient.swift */; };
		2246DDEF255FBC7000508A1B /* PhotosRequest.swift in Sources */ = {isa = PBXBuildFile; fileRef = 2246DDEE255FBC7000508A1B /* PhotosRequest.swift */; };
		2246DDF1255FC3A500508A1B /* PhotosObject.swift in Sources */ = {isa = PBXBuildFile; fileRef = 2246DDF0255FC3A500508A1B /* PhotosObject.swift */; };
		2246DDF3255FD04C00508A1B /* PhotosParser.swift in Sources */ = {isa = PBXBuildFile; fileRef = 2246DDF2255FD04C00508A1B /* PhotosParser.swift */; };
		2246DDF5255FD06A00508A1B /* PhotosProvider.swift in Sources */ = {isa = PBXBuildFile; fileRef = 2246DDF4255FD06A00508A1B /* PhotosProvider.swift */; };
		2246DDF8255FDE3400508A1B /* String+Extension.swift in Sources */ = {isa = PBXBuildFile; fileRef = 2246DDF7255FDE3400508A1B /* String+Extension.swift */; };
		2246DDFA255FECB300508A1B /* UIScreen+Extension.swift in Sources */ = {isa = PBXBuildFile; fileRef = 2246DDF9255FECB300508A1B /* UIScreen+Extension.swift */; };
		2246DDFC2560021300508A1B /* CGFloat+Extension.swift in Sources */ = {isa = PBXBuildFile; fileRef = 2246DDFB2560021300508A1B /* CGFloat+Extension.swift */; };
		2246DE0125600CF800508A1B /* PaddingTextField.swift in Sources */ = {isa = PBXBuildFile; fileRef = 2246DE0025600CF800508A1B /* PaddingTextField.swift */; };
		2246DE0325600D5700508A1B /* UITextField+Extension.swift in Sources */ = {isa = PBXBuildFile; fileRef = 2246DE0225600D5700508A1B /* UITextField+Extension.swift */; };
		2246DE052560113B00508A1B /* UIColor+Extension.swift in Sources */ = {isa = PBXBuildFile; fileRef = 2246DE042560113B00508A1B /* UIColor+Extension.swift */; };
		2246DE07256021DA00508A1B /* SearchViewModel.swift in Sources */ = {isa = PBXBuildFile; fileRef = 2246DE06256021DA00508A1B /* SearchViewModel.swift */; };
		22AB637B256038B900D8D4A5 /* ResultViewController.swift in Sources */ = {isa = PBXBuildFile; fileRef = 22AB637A256038B900D8D4A5 /* ResultViewController.swift */; };
		22AB637D256038D000D8D4A5 /* ResultViewModel.swift in Sources */ = {isa = PBXBuildFile; fileRef = 22AB637C256038D000D8D4A5 /* ResultViewModel.swift */; };
		22AB63802560476E00D8D4A5 /* ResultCollectionViewCell.swift in Sources */ = {isa = PBXBuildFile; fileRef = 22AB637F2560476E00D8D4A5 /* ResultCollectionViewCell.swift */; };
		22AB63822560477E00D8D4A5 /* ResultCollectionViewCell.xib in Resources */ = {isa = PBXBuildFile; fileRef = 22AB63812560477E00D8D4A5 /* ResultCollectionViewCell.xib */; };
		22AB63852560545000D8D4A5 /* KingfisherWrapper.swift in Sources */ = {isa = PBXBuildFile; fileRef = 22AB63842560545000D8D4A5 /* KingfisherWrapper.swift */; };
		22AB63882560C74700D8D4A5 /* NSObject+Extension.swift in Sources */ = {isa = PBXBuildFile; fileRef = 22AB63872560C74700D8D4A5 /* NSObject+Extension.swift */; };
		22AB638A2560C97400D8D4A5 /* UICollectionView+Extension.swift in Sources */ = {isa = PBXBuildFile; fileRef = 22AB63892560C97400D8D4A5 /* UICollectionView+Extension.swift */; };
		22AB638C2560DD8B00D8D4A5 /* MJRefreshWrapper.swift in Sources */ = {isa = PBXBuildFile; fileRef = 22AB638B2560DD8B00D8D4A5 /* MJRefreshWrapper.swift */; };
		22AB638E2561570400D8D4A5 /* FavoriteViewController.swift in Sources */ = {isa = PBXBuildFile; fileRef = 22AB638D2561570400D8D4A5 /* FavoriteViewController.swift */; };
		22AB6390256159CA00D8D4A5 /* PSNavigationController.swift in Sources */ = {isa = PBXBuildFile; fileRef = 22AB638F256159CA00D8D4A5 /* PSNavigationController.swift */; };
		22AB63922561687000D8D4A5 /* PSTabBarController.swift in Sources */ = {isa = PBXBuildFile; fileRef = 22AB63912561687000D8D4A5 /* PSTabBarController.swift */; };
		22AB6396256187A900D8D4A5 /* StorageManager.swift in Sources */ = {isa = PBXBuildFile; fileRef = 22AB6395256187A900D8D4A5 /* StorageManager.swift */; };
		22AB639825618C9A00D8D4A5 /* Int+Extension.swift in Sources */ = {isa = PBXBuildFile; fileRef = 22AB639725618C9A00D8D4A5 /* Int+Extension.swift */; };
		22AB639A256198FD00D8D4A5 /* FavoriteViewModel.swift in Sources */ = {isa = PBXBuildFile; fileRef = 22AB6399256198FD00D8D4A5 /* FavoriteViewModel.swift */; };
		22AB639C25619E9500D8D4A5 /* FavoriteCollectionViewCell.swift in Sources */ = {isa = PBXBuildFile; fileRef = 22AB639B25619E9500D8D4A5 /* FavoriteCollectionViewCell.swift */; };
		22AB639E25619EA200D8D4A5 /* FavoriteCollectionViewCell.xib in Resources */ = {isa = PBXBuildFile; fileRef = 22AB639D25619EA200D8D4A5 /* FavoriteCollectionViewCell.xib */; };
		22AB63A0256225C700D8D4A5 /* PSCollectionViewFlowLayout.swift in Sources */ = {isa = PBXBuildFile; fileRef = 22AB639F256225C700D8D4A5 /* PSCollectionViewFlowLayout.swift */; };
		FD95A7B25754FF040E0CC686 /* Pods_PhotosSearchPractice.framework in Frameworks */ = {isa = PBXBuildFile; fileRef = E015773212C766CE0A9A1597 /* Pods_PhotosSearchPractice.framework */; };
/* End PBXBuildFile section */

/* Begin PBXContainerItemProxy section */
		2246DDD8255ECD0E00508A1B /* PBXContainerItemProxy */ = {
			isa = PBXContainerItemProxy;
			containerPortal = 2246DDB6255ECD0D00508A1B /* Project object */;
			proxyType = 1;
			remoteGlobalIDString = 2246DDBD255ECD0D00508A1B;
			remoteInfo = PhotosSearchPractice;
		};
/* End PBXContainerItemProxy section */

/* Begin PBXFileReference section */
		1E061C4D7101EE4318C92072 /* Pods_PhotosSearchPracticeTests.framework */ = {isa = PBXFileReference; explicitFileType = wrapper.framework; includeInIndex = 0; path = Pods_PhotosSearchPracticeTests.framework; sourceTree = BUILT_PRODUCTS_DIR; };
		2246DDBE255ECD0D00508A1B /* PhotosSearchPractice.app */ = {isa = PBXFileReference; explicitFileType = wrapper.application; includeInIndex = 0; path = PhotosSearchPractice.app; sourceTree = BUILT_PRODUCTS_DIR; };
		2246DDC1255ECD0D00508A1B /* AppDelegate.swift */ = {isa = PBXFileReference; lastKnownFileType = sourcecode.swift; path = AppDelegate.swift; sourceTree = "<group>"; };
		2246DDC3255ECD0D00508A1B /* SceneDelegate.swift */ = {isa = PBXFileReference; lastKnownFileType = sourcecode.swift; path = SceneDelegate.swift; sourceTree = "<group>"; };
		2246DDC5255ECD0D00508A1B /* SearchViewController.swift */ = {isa = PBXFileReference; lastKnownFileType = sourcecode.swift; path = SearchViewController.swift; sourceTree = "<group>"; };
		2246DDCB255ECD0D00508A1B /* PhotosSearchPractice.xcdatamodel */ = {isa = PBXFileReference; lastKnownFileType = wrapper.xcdatamodel; path = PhotosSearchPractice.xcdatamodel; sourceTree = "<group>"; };
		2246DDCD255ECD0E00508A1B /* Assets.xcassets */ = {isa = PBXFileReference; lastKnownFileType = folder.assetcatalog; path = Assets.xcassets; sourceTree = "<group>"; };
		2246DDD0255ECD0E00508A1B /* Base */ = {isa = PBXFileReference; lastKnownFileType = file.storyboard; name = Base; path = Base.lproj/LaunchScreen.storyboard; sourceTree = "<group>"; };
		2246DDD2255ECD0E00508A1B /* Info.plist */ = {isa = PBXFileReference; lastKnownFileType = text.plist.xml; path = Info.plist; sourceTree = "<group>"; };
		2246DDD7255ECD0E00508A1B /* PhotosSearchPracticeTests.xctest */ = {isa = PBXFileReference; explicitFileType = wrapper.cfbundle; includeInIndex = 0; path = PhotosSearchPracticeTests.xctest; sourceTree = BUILT_PRODUCTS_DIR; };
		2246DDDB255ECD0E00508A1B /* PhotosSearchPracticeTests.swift */ = {isa = PBXFileReference; lastKnownFileType = sourcecode.swift; path = PhotosSearchPracticeTests.swift; sourceTree = "<group>"; };
		2246DDDD255ECD0E00508A1B /* Info.plist */ = {isa = PBXFileReference; lastKnownFileType = text.plist.xml; path = Info.plist; sourceTree = "<group>"; };
		2246DDEB255FA42800508A1B /* HTTPClient.swift */ = {isa = PBXFileReference; lastKnownFileType = sourcecode.swift; path = HTTPClient.swift; sourceTree = "<group>"; };
		2246DDEE255FBC7000508A1B /* PhotosRequest.swift */ = {isa = PBXFileReference; lastKnownFileType = sourcecode.swift; path = PhotosRequest.swift; sourceTree = "<group>"; };
		2246DDF0255FC3A500508A1B /* PhotosObject.swift */ = {isa = PBXFileReference; lastKnownFileType = sourcecode.swift; path = PhotosObject.swift; sourceTree = "<group>"; };
		2246DDF2255FD04C00508A1B /* PhotosParser.swift */ = {isa = PBXFileReference; lastKnownFileType = sourcecode.swift; path = PhotosParser.swift; sourceTree = "<group>"; };
		2246DDF4255FD06A00508A1B /* PhotosProvider.swift */ = {isa = PBXFileReference; lastKnownFileType = sourcecode.swift; path = PhotosProvider.swift; sourceTree = "<group>"; };
		2246DDF7255FDE3400508A1B /* String+Extension.swift */ = {isa = PBXFileReference; lastKnownFileType = sourcecode.swift; path = "String+Extension.swift"; sourceTree = "<group>"; };
		2246DDF9255FECB300508A1B /* UIScreen+Extension.swift */ = {isa = PBXFileReference; lastKnownFileType = sourcecode.swift; path = "UIScreen+Extension.swift"; sourceTree = "<group>"; };
		2246DDFB2560021300508A1B /* CGFloat+Extension.swift */ = {isa = PBXFileReference; lastKnownFileType = sourcecode.swift; path = "CGFloat+Extension.swift"; sourceTree = "<group>"; };
		2246DE0025600CF800508A1B /* PaddingTextField.swift */ = {isa = PBXFileReference; lastKnownFileType = sourcecode.swift; path = PaddingTextField.swift; sourceTree = "<group>"; };
		2246DE0225600D5700508A1B /* UITextField+Extension.swift */ = {isa = PBXFileReference; lastKnownFileType = sourcecode.swift; path = "UITextField+Extension.swift"; sourceTree = "<group>"; };
		2246DE042560113B00508A1B /* UIColor+Extension.swift */ = {isa = PBXFileReference; lastKnownFileType = sourcecode.swift; path = "UIColor+Extension.swift"; sourceTree = "<group>"; };
		2246DE06256021DA00508A1B /* SearchViewModel.swift */ = {isa = PBXFileReference; lastKnownFileType = sourcecode.swift; path = SearchViewModel.swift; sourceTree = "<group>"; };
		22AB637A256038B900D8D4A5 /* ResultViewController.swift */ = {isa = PBXFileReference; lastKnownFileType = sourcecode.swift; path = ResultViewController.swift; sourceTree = "<group>"; };
		22AB637C256038D000D8D4A5 /* ResultViewModel.swift */ = {isa = PBXFileReference; lastKnownFileType = sourcecode.swift; path = ResultViewModel.swift; sourceTree = "<group>"; };
		22AB637F2560476E00D8D4A5 /* ResultCollectionViewCell.swift */ = {isa = PBXFileReference; lastKnownFileType = sourcecode.swift; path = ResultCollectionViewCell.swift; sourceTree = "<group>"; };
		22AB63812560477E00D8D4A5 /* ResultCollectionViewCell.xib */ = {isa = PBXFileReference; lastKnownFileType = file.xib; path = ResultCollectionViewCell.xib; sourceTree = "<group>"; };
		22AB63842560545000D8D4A5 /* KingfisherWrapper.swift */ = {isa = PBXFileReference; lastKnownFileType = sourcecode.swift; path = KingfisherWrapper.swift; sourceTree = "<group>"; };
		22AB63872560C74700D8D4A5 /* NSObject+Extension.swift */ = {isa = PBXFileReference; lastKnownFileType = sourcecode.swift; path = "NSObject+Extension.swift"; sourceTree = "<group>"; };
		22AB63892560C97400D8D4A5 /* UICollectionView+Extension.swift */ = {isa = PBXFileReference; lastKnownFileType = sourcecode.swift; path = "UICollectionView+Extension.swift"; sourceTree = "<group>"; };
		22AB638B2560DD8B00D8D4A5 /* MJRefreshWrapper.swift */ = {isa = PBXFileReference; lastKnownFileType = sourcecode.swift; path = MJRefreshWrapper.swift; sourceTree = "<group>"; };
		22AB638D2561570400D8D4A5 /* FavoriteViewController.swift */ = {isa = PBXFileReference; lastKnownFileType = sourcecode.swift; path = FavoriteViewController.swift; sourceTree = "<group>"; };
		22AB638F256159CA00D8D4A5 /* PSNavigationController.swift */ = {isa = PBXFileReference; lastKnownFileType = sourcecode.swift; path = PSNavigationController.swift; sourceTree = "<group>"; };
		22AB63912561687000D8D4A5 /* PSTabBarController.swift */ = {isa = PBXFileReference; lastKnownFileType = sourcecode.swift; path = PSTabBarController.swift; sourceTree = "<group>"; };
		22AB6395256187A900D8D4A5 /* StorageManager.swift */ = {isa = PBXFileReference; lastKnownFileType = sourcecode.swift; path = StorageManager.swift; sourceTree = "<group>"; };
		22AB639725618C9A00D8D4A5 /* Int+Extension.swift */ = {isa = PBXFileReference; lastKnownFileType = sourcecode.swift; path = "Int+Extension.swift"; sourceTree = "<group>"; };
		22AB6399256198FD00D8D4A5 /* FavoriteViewModel.swift */ = {isa = PBXFileReference; lastKnownFileType = sourcecode.swift; path = FavoriteViewModel.swift; sourceTree = "<group>"; };
		22AB639B25619E9500D8D4A5 /* FavoriteCollectionViewCell.swift */ = {isa = PBXFileReference; lastKnownFileType = sourcecode.swift; path = FavoriteCollectionViewCell.swift; sourceTree = "<group>"; };
		22AB639D25619EA200D8D4A5 /* FavoriteCollectionViewCell.xib */ = {isa = PBXFileReference; lastKnownFileType = file.xib; path = FavoriteCollectionViewCell.xib; sourceTree = "<group>"; };
		22AB639F256225C700D8D4A5 /* PSCollectionViewFlowLayout.swift */ = {isa = PBXFileReference; lastKnownFileType = sourcecode.swift; path = PSCollectionViewFlowLayout.swift; sourceTree = "<group>"; };
		7B85C4DD418A927D017700BC /* Pods-PhotosSearchPractice.release.xcconfig */ = {isa = PBXFileReference; includeInIndex = 1; lastKnownFileType = text.xcconfig; name = "Pods-PhotosSearchPractice.release.xcconfig"; path = "Target Support Files/Pods-PhotosSearchPractice/Pods-PhotosSearchPractice.release.xcconfig"; sourceTree = "<group>"; };
		91074759752CB5B4CBA6319D /* Pods-PhotosSearchPractice.debug.xcconfig */ = {isa = PBXFileReference; includeInIndex = 1; lastKnownFileType = text.xcconfig; name = "Pods-PhotosSearchPractice.debug.xcconfig"; path = "Target Support Files/Pods-PhotosSearchPractice/Pods-PhotosSearchPractice.debug.xcconfig"; sourceTree = "<group>"; };
		C314D70CF81D6CC49E11C572 /* Pods-PhotosSearchPracticeTests.debug.xcconfig */ = {isa = PBXFileReference; includeInIndex = 1; lastKnownFileType = text.xcconfig; name = "Pods-PhotosSearchPracticeTests.debug.xcconfig"; path = "Target Support Files/Pods-PhotosSearchPracticeTests/Pods-PhotosSearchPracticeTests.debug.xcconfig"; sourceTree = "<group>"; };
		CE11F8A9B065E97607B757D8 /* Pods-PhotosSearchPracticeTests.release.xcconfig */ = {isa = PBXFileReference; includeInIndex = 1; lastKnownFileType = text.xcconfig; name = "Pods-PhotosSearchPracticeTests.release.xcconfig"; path = "Target Support Files/Pods-PhotosSearchPracticeTests/Pods-PhotosSearchPracticeTests.release.xcconfig"; sourceTree = "<group>"; };
		E015773212C766CE0A9A1597 /* Pods_PhotosSearchPractice.framework */ = {isa = PBXFileReference; explicitFileType = wrapper.framework; includeInIndex = 0; path = Pods_PhotosSearchPractice.framework; sourceTree = BUILT_PRODUCTS_DIR; };
/* End PBXFileReference section */

/* Begin PBXFrameworksBuildPhase section */
		2246DDBB255ECD0D00508A1B /* Frameworks */ = {
			isa = PBXFrameworksBuildPhase;
			buildActionMask = 2147483647;
			files = (
				FD95A7B25754FF040E0CC686 /* Pods_PhotosSearchPractice.framework in Frameworks */,
			);
			runOnlyForDeploymentPostprocessing = 0;
		};
		2246DDD4255ECD0E00508A1B /* Frameworks */ = {
			isa = PBXFrameworksBuildPhase;
			buildActionMask = 2147483647;
			files = (
				0B6FE98BED658D725EE84515 /* Pods_PhotosSearchPracticeTests.framework in Frameworks */,
			);
			runOnlyForDeploymentPostprocessing = 0;
		};
/* End PBXFrameworksBuildPhase section */

/* Begin PBXGroup section */
		2246DDB5255ECD0D00508A1B = {
			isa = PBXGroup;
			children = (
				2246DDC0255ECD0D00508A1B /* PhotosSearchPractice */,
				2246DDDA255ECD0E00508A1B /* PhotosSearchPracticeTests */,
				2246DDBF255ECD0D00508A1B /* Products */,
				999C99F7DFBB1DFFEBAD6A68 /* Pods */,
				B9DF687BFE51E33617DED062 /* Frameworks */,
			);
			sourceTree = "<group>";
		};
		2246DDBF255ECD0D00508A1B /* Products */ = {
			isa = PBXGroup;
			children = (
				2246DDBE255ECD0D00508A1B /* PhotosSearchPractice.app */,
				2246DDD7255ECD0E00508A1B /* PhotosSearchPracticeTests.xctest */,
			);
			name = Products;
			sourceTree = "<group>";
		};
		2246DDC0255ECD0D00508A1B /* PhotosSearchPractice */ = {
			isa = PBXGroup;
			children = (
				22AB63832560543000D8D4A5 /* ThirdPartyWrapper */,
				22AB639325617DB700D8D4A5 /* Resource */,
				2246DDE9255EEC7500508A1B /* Extension */,
				2246DDE6255EEBCF00508A1B /* Model */,
				2246DDE8255EEBE400508A1B /* ViewModel */,
				2246DDE7255EEBDD00508A1B /* View */,
				2246DDC1255ECD0D00508A1B /* AppDelegate.swift */,
				2246DDC3255ECD0D00508A1B /* SceneDelegate.swift */,
				2246DDCF255ECD0E00508A1B /* LaunchScreen.storyboard */,
				2246DDD2255ECD0E00508A1B /* Info.plist */,
			);
			path = PhotosSearchPractice;
			sourceTree = "<group>";
		};
		2246DDDA255ECD0E00508A1B /* PhotosSearchPracticeTests */ = {
			isa = PBXGroup;
			children = (
				2246DDDB255ECD0E00508A1B /* PhotosSearchPracticeTests.swift */,
				2246DDDD255ECD0E00508A1B /* Info.plist */,
			);
			path = PhotosSearchPracticeTests;
			sourceTree = "<group>";
		};
		2246DDE6255EEBCF00508A1B /* Model */ = {
			isa = PBXGroup;
			children = (
				22AB63942561878E00D8D4A5 /* LocalStorage */,
				2246DDF6255FD08D00508A1B /* PhotosService */,
				2246DDEA255FA41400508A1B /* HTTP */,
			);
			path = Model;
			sourceTree = "<group>";
		};
		2246DDE7255EEBDD00508A1B /* View */ = {
			isa = PBXGroup;
			children = (
				22AB63912561687000D8D4A5 /* PSTabBarController.swift */,
				22AB638F256159CA00D8D4A5 /* PSNavigationController.swift */,
				2246DDFE25600CB000508A1B /* ViewController */,
				22AB637E2560473200D8D4A5 /* CollectionViewCell */,
				2246DDFF25600CDC00508A1B /* CustomView */,
			);
			path = View;
			sourceTree = "<group>";
		};
		2246DDE8255EEBE400508A1B /* ViewModel */ = {
			isa = PBXGroup;
			children = (
				2246DE06256021DA00508A1B /* SearchViewModel.swift */,
				22AB637C256038D000D8D4A5 /* ResultViewModel.swift */,
				22AB6399256198FD00D8D4A5 /* FavoriteViewModel.swift */,
			);
			path = ViewModel;
			sourceTree = "<group>";
		};
		2246DDE9255EEC7500508A1B /* Extension */ = {
			isa = PBXGroup;
			children = (
				22AB639725618C9A00D8D4A5 /* Int+Extension.swift */,
				2246DDF7255FDE3400508A1B /* String+Extension.swift */,
				22AB63872560C74700D8D4A5 /* NSObject+Extension.swift */,
				2246DDFD2560059D00508A1B /* UIKit */,
			);
			path = Extension;
			sourceTree = "<group>";
		};
		2246DDEA255FA41400508A1B /* HTTP */ = {
			isa = PBXGroup;
			children = (
				2246DDEB255FA42800508A1B /* HTTPClient.swift */,
			);
			path = HTTP;
			sourceTree = "<group>";
		};
		2246DDF6255FD08D00508A1B /* PhotosService */ = {
			isa = PBXGroup;
			children = (
				2246DDF2255FD04C00508A1B /* PhotosParser.swift */,
				2246DDF0255FC3A500508A1B /* PhotosObject.swift */,
				2246DDF4255FD06A00508A1B /* PhotosProvider.swift */,
				2246DDEE255FBC7000508A1B /* PhotosRequest.swift */,
			);
			path = PhotosService;
			sourceTree = "<group>";
		};
		2246DDFD2560059D00508A1B /* UIKit */ = {
			isa = PBXGroup;
			children = (
				2246DDFB2560021300508A1B /* CGFloat+Extension.swift */,
				2246DDF9255FECB300508A1B /* UIScreen+Extension.swift */,
				2246DE042560113B00508A1B /* UIColor+Extension.swift */,
				2246DE0225600D5700508A1B /* UITextField+Extension.swift */,
				22AB63892560C97400D8D4A5 /* UICollectionView+Extension.swift */,
			);
			path = UIKit;
			sourceTree = "<group>";
		};
		2246DDFE25600CB000508A1B /* ViewController */ = {
			isa = PBXGroup;
			children = (
				2246DDC5255ECD0D00508A1B /* SearchViewController.swift */,
				22AB637A256038B900D8D4A5 /* ResultViewController.swift */,
				22AB638D2561570400D8D4A5 /* FavoriteViewController.swift */,
			);
			path = ViewController;
			sourceTree = "<group>";
		};
		2246DDFF25600CDC00508A1B /* CustomView */ = {
			isa = PBXGroup;
			children = (
				2246DE0025600CF800508A1B /* PaddingTextField.swift */,
			);
			path = CustomView;
			sourceTree = "<group>";
		};
		22AB637E2560473200D8D4A5 /* CollectionViewCell */ = {
			isa = PBXGroup;
			children = (
				22AB637F2560476E00D8D4A5 /* ResultCollectionViewCell.swift */,
				22AB63812560477E00D8D4A5 /* ResultCollectionViewCell.xib */,
				22AB639B25619E9500D8D4A5 /* FavoriteCollectionViewCell.swift */,
				22AB639D25619EA200D8D4A5 /* FavoriteCollectionViewCell.xib */,
				22AB63A12562284F00D8D4A5 /* CollectionViewFlowLayout */,
			);
			path = CollectionViewCell;
			sourceTree = "<group>";
		};
		22AB63832560543000D8D4A5 /* ThirdPartyWrapper */ = {
			isa = PBXGroup;
			children = (
				22AB63842560545000D8D4A5 /* KingfisherWrapper.swift */,
				22AB638B2560DD8B00D8D4A5 /* MJRefreshWrapper.swift */,
			);
			path = ThirdPartyWrapper;
			sourceTree = "<group>";
		};
		22AB639325617DB700D8D4A5 /* Resource */ = {
			isa = PBXGroup;
			children = (
				2246DDCD255ECD0E00508A1B /* Assets.xcassets */,
			);
			path = Resource;
			sourceTree = "<group>";
		};
		22AB63942561878E00D8D4A5 /* LocalStorage */ = {
			isa = PBXGroup;
			children = (
				2246DDCA255ECD0D00508A1B /* PhotosSearchPractice.xcdatamodeld */,
				22AB6395256187A900D8D4A5 /* StorageManager.swift */,
			);
			path = LocalStorage;
			sourceTree = "<group>";
		};
		22AB63A12562284F00D8D4A5 /* CollectionViewFlowLayout */ = {
			isa = PBXGroup;
			children = (
				22AB639F256225C700D8D4A5 /* PSCollectionViewFlowLayout.swift */,
			);
			path = CollectionViewFlowLayout;
			sourceTree = "<group>";
		};
		999C99F7DFBB1DFFEBAD6A68 /* Pods */ = {
			isa = PBXGroup;
			children = (
				91074759752CB5B4CBA6319D /* Pods-PhotosSearchPractice.debug.xcconfig */,
				7B85C4DD418A927D017700BC /* Pods-PhotosSearchPractice.release.xcconfig */,
				C314D70CF81D6CC49E11C572 /* Pods-PhotosSearchPracticeTests.debug.xcconfig */,
				CE11F8A9B065E97607B757D8 /* Pods-PhotosSearchPracticeTests.release.xcconfig */,
			);
			path = Pods;
			sourceTree = "<group>";
		};
		B9DF687BFE51E33617DED062 /* Frameworks */ = {
			isa = PBXGroup;
			children = (
				E015773212C766CE0A9A1597 /* Pods_PhotosSearchPractice.framework */,
				1E061C4D7101EE4318C92072 /* Pods_PhotosSearchPracticeTests.framework */,
			);
			name = Frameworks;
			sourceTree = "<group>";
		};
/* End PBXGroup section */

/* Begin PBXNativeTarget section */
		2246DDBD255ECD0D00508A1B /* PhotosSearchPractice */ = {
			isa = PBXNativeTarget;
			buildConfigurationList = 2246DDE0255ECD0E00508A1B /* Build configuration list for PBXNativeTarget "PhotosSearchPractice" */;
			buildPhases = (
				7C647E2EB40C0D23A55ACDA1 /* [CP] Check Pods Manifest.lock */,
				2246DDBA255ECD0D00508A1B /* Sources */,
				2246DDBB255ECD0D00508A1B /* Frameworks */,
				2246DDBC255ECD0D00508A1B /* Resources */,
				90CCBB3760FC4895EB5E9063 /* [CP] Embed Pods Frameworks */,
				22AB63862560BE0D00D8D4A5 /* ShellScript */,
			);
			buildRules = (
			);
			dependencies = (
			);
			name = PhotosSearchPractice;
			productName = PhotosSearchPractice;
			productReference = 2246DDBE255ECD0D00508A1B /* PhotosSearchPractice.app */;
			productType = "com.apple.product-type.application";
		};
		2246DDD6255ECD0E00508A1B /* PhotosSearchPracticeTests */ = {
			isa = PBXNativeTarget;
			buildConfigurationList = 2246DDE3255ECD0E00508A1B /* Build configuration list for PBXNativeTarget "PhotosSearchPracticeTests" */;
			buildPhases = (
				669116E77056787B1071DD9E /* [CP] Check Pods Manifest.lock */,
				2246DDD3255ECD0E00508A1B /* Sources */,
				2246DDD4255ECD0E00508A1B /* Frameworks */,
				2246DDD5255ECD0E00508A1B /* Resources */,
			);
			buildRules = (
			);
			dependencies = (
				2246DDD9255ECD0E00508A1B /* PBXTargetDependency */,
			);
			name = PhotosSearchPracticeTests;
			productName = PhotosSearchPracticeTests;
			productReference = 2246DDD7255ECD0E00508A1B /* PhotosSearchPracticeTests.xctest */;
			productType = "com.apple.product-type.bundle.unit-test";
		};
/* End PBXNativeTarget section */

/* Begin PBXProject section */
		2246DDB6255ECD0D00508A1B /* Project object */ = {
			isa = PBXProject;
			attributes = {
				LastSwiftUpdateCheck = 1100;
				LastUpgradeCheck = 1100;
				ORGANIZATIONNAME = PanLiHsiang;
				TargetAttributes = {
					2246DDBD255ECD0D00508A1B = {
						CreatedOnToolsVersion = 11.0;
					};
					2246DDD6255ECD0E00508A1B = {
						CreatedOnToolsVersion = 11.0;
						TestTargetID = 2246DDBD255ECD0D00508A1B;
					};
				};
			};
			buildConfigurationList = 2246DDB9255ECD0D00508A1B /* Build configuration list for PBXProject "PhotosSearchPractice" */;
			compatibilityVersion = "Xcode 9.3";
			developmentRegion = en;
			hasScannedForEncodings = 0;
			knownRegions = (
				en,
				Base,
			);
			mainGroup = 2246DDB5255ECD0D00508A1B;
			productRefGroup = 2246DDBF255ECD0D00508A1B /* Products */;
			projectDirPath = "";
			projectRoot = "";
			targets = (
				2246DDBD255ECD0D00508A1B /* PhotosSearchPractice */,
				2246DDD6255ECD0E00508A1B /* PhotosSearchPracticeTests */,
			);
		};
/* End PBXProject section */

/* Begin PBXResourcesBuildPhase section */
		2246DDBC255ECD0D00508A1B /* Resources */ = {
			isa = PBXResourcesBuildPhase;
			buildActionMask = 2147483647;
			files = (
				2246DDD1255ECD0E00508A1B /* LaunchScreen.storyboard in Resources */,
				22AB63822560477E00D8D4A5 /* ResultCollectionViewCell.xib in Resources */,
				22AB639E25619EA200D8D4A5 /* FavoriteCollectionViewCell.xib in Resources */,
				2246DDCE255ECD0E00508A1B /* Assets.xcassets in Resources */,
			);
			runOnlyForDeploymentPostprocessing = 0;
		};
		2246DDD5255ECD0E00508A1B /* Resources */ = {
			isa = PBXResourcesBuildPhase;
			buildActionMask = 2147483647;
			files = (
			);
			runOnlyForDeploymentPostprocessing = 0;
		};
/* End PBXResourcesBuildPhase section */

/* Begin PBXShellScriptBuildPhase section */
		22AB63862560BE0D00D8D4A5 /* ShellScript */ = {
			isa = PBXShellScriptBuildPhase;
			buildActionMask = 2147483647;
			files = (
			);
			inputFileListPaths = (
			);
			inputPaths = (
			);
			outputFileListPaths = (
			);
			outputPaths = (
			);
			runOnlyForDeploymentPostprocessing = 0;
			shellPath = /bin/sh;
			shellScript = "\"${PODS_ROOT}/SwiftLint/swiftlint\"\n";
		};
		669116E77056787B1071DD9E /* [CP] Check Pods Manifest.lock */ = {
			isa = PBXShellScriptBuildPhase;
			buildActionMask = 2147483647;
			files = (
			);
			inputFileListPaths = (
			);
			inputPaths = (
				"${PODS_PODFILE_DIR_PATH}/Podfile.lock",
				"${PODS_ROOT}/Manifest.lock",
			);
			name = "[CP] Check Pods Manifest.lock";
			outputFileListPaths = (
			);
			outputPaths = (
				"$(DERIVED_FILE_DIR)/Pods-PhotosSearchPracticeTests-checkManifestLockResult.txt",
			);
			runOnlyForDeploymentPostprocessing = 0;
			shellPath = /bin/sh;
			shellScript = "diff \"${PODS_PODFILE_DIR_PATH}/Podfile.lock\" \"${PODS_ROOT}/Manifest.lock\" > /dev/null\nif [ $? != 0 ] ; then\n    # print error to STDERR\n    echo \"error: The sandbox is not in sync with the Podfile.lock. Run 'pod install' or update your CocoaPods installation.\" >&2\n    exit 1\nfi\n# This output is used by Xcode 'outputs' to avoid re-running this script phase.\necho \"SUCCESS\" > \"${SCRIPT_OUTPUT_FILE_0}\"\n";
			showEnvVarsInLog = 0;
		};
		7C647E2EB40C0D23A55ACDA1 /* [CP] Check Pods Manifest.lock */ = {
			isa = PBXShellScriptBuildPhase;
			buildActionMask = 2147483647;
			files = (
			);
			inputFileListPaths = (
			);
			inputPaths = (
				"${PODS_PODFILE_DIR_PATH}/Podfile.lock",
				"${PODS_ROOT}/Manifest.lock",
			);
			name = "[CP] Check Pods Manifest.lock";
			outputFileListPaths = (
			);
			outputPaths = (
				"$(DERIVED_FILE_DIR)/Pods-PhotosSearchPractice-checkManifestLockResult.txt",
			);
			runOnlyForDeploymentPostprocessing = 0;
			shellPath = /bin/sh;
			shellScript = "diff \"${PODS_PODFILE_DIR_PATH}/Podfile.lock\" \"${PODS_ROOT}/Manifest.lock\" > /dev/null\nif [ $? != 0 ] ; then\n    # print error to STDERR\n    echo \"error: The sandbox is not in sync with the Podfile.lock. Run 'pod install' or update your CocoaPods installation.\" >&2\n    exit 1\nfi\n# This output is used by Xcode 'outputs' to avoid re-running this script phase.\necho \"SUCCESS\" > \"${SCRIPT_OUTPUT_FILE_0}\"\n";
			showEnvVarsInLog = 0;
		};
		90CCBB3760FC4895EB5E9063 /* [CP] Embed Pods Frameworks */ = {
			isa = PBXShellScriptBuildPhase;
			buildActionMask = 2147483647;
			files = (
			);
			inputFileListPaths = (
				"${PODS_ROOT}/Target Support Files/Pods-PhotosSearchPractice/Pods-PhotosSearchPractice-frameworks-${CONFIGURATION}-input-files.xcfilelist",
			);
			name = "[CP] Embed Pods Frameworks";
			outputFileListPaths = (
				"${PODS_ROOT}/Target Support Files/Pods-PhotosSearchPractice/Pods-PhotosSearchPractice-frameworks-${CONFIGURATION}-output-files.xcfilelist",
			);
			runOnlyForDeploymentPostprocessing = 0;
			shellPath = /bin/sh;
			shellScript = "\"${PODS_ROOT}/Target Support Files/Pods-PhotosSearchPractice/Pods-PhotosSearchPractice-frameworks.sh\"\n";
			showEnvVarsInLog = 0;
		};
/* End PBXShellScriptBuildPhase section */

/* Begin PBXSourcesBuildPhase section */
		2246DDBA255ECD0D00508A1B /* Sources */ = {
			isa = PBXSourcesBuildPhase;
			buildActionMask = 2147483647;
			files = (
				22AB63A0256225C700D8D4A5 /* PSCollectionViewFlowLayout.swift in Sources */,
				2246DDF8255FDE3400508A1B /* String+Extension.swift in Sources */,
				22AB63852560545000D8D4A5 /* KingfisherWrapper.swift in Sources */,
				22AB637D256038D000D8D4A5 /* ResultViewModel.swift in Sources */,
				2246DE0325600D5700508A1B /* UITextField+Extension.swift in Sources */,
				22AB639C25619E9500D8D4A5 /* FavoriteCollectionViewCell.swift in Sources */,
				2246DE07256021DA00508A1B /* SearchViewModel.swift in Sources */,
				2246DE0125600CF800508A1B /* PaddingTextField.swift in Sources */,
				2246DDFA255FECB300508A1B /* UIScreen+Extension.swift in Sources */,
				2246DDC6255ECD0D00508A1B /* SearchViewController.swift in Sources */,
				2246DDEC255FA42800508A1B /* HTTPClient.swift in Sources */,
				2246DDEF255FBC7000508A1B /* PhotosRequest.swift in Sources */,
				22AB63922561687000D8D4A5 /* PSTabBarController.swift in Sources */,
				22AB6390256159CA00D8D4A5 /* PSNavigationController.swift in Sources */,
				22AB637B256038B900D8D4A5 /* ResultViewController.swift in Sources */,
				2246DDCC255ECD0D00508A1B /* PhotosSearchPractice.xcdatamodeld in Sources */,
				22AB638C2560DD8B00D8D4A5 /* MJRefreshWrapper.swift in Sources */,
				22AB638A2560C97400D8D4A5 /* UICollectionView+Extension.swift in Sources */,
				2246DDFC2560021300508A1B /* CGFloat+Extension.swift in Sources */,
				22AB639825618C9A00D8D4A5 /* Int+Extension.swift in Sources */,
				2246DDF1255FC3A500508A1B /* PhotosObject.swift in Sources */,
				2246DDC2255ECD0D00508A1B /* AppDelegate.swift in Sources */,
				2246DE052560113B00508A1B /* UIColor+Extension.swift in Sources */,
				2246DDC4255ECD0D00508A1B /* SceneDelegate.swift in Sources */,
				22AB63802560476E00D8D4A5 /* ResultCollectionViewCell.swift in Sources */,
				2246DDF3255FD04C00508A1B /* PhotosParser.swift in Sources */,
				2246DDF5255FD06A00508A1B /* PhotosProvider.swift in Sources */,
				22AB6396256187A900D8D4A5 /* StorageManager.swift in Sources */,
				22AB639A256198FD00D8D4A5 /* FavoriteViewModel.swift in Sources */,
				22AB638E2561570400D8D4A5 /* FavoriteViewController.swift in Sources */,
				22AB63882560C74700D8D4A5 /* NSObject+Extension.swift in Sources */,
			);
			runOnlyForDeploymentPostprocessing = 0;
		};
		2246DDD3255ECD0E00508A1B /* Sources */ = {
			isa = PBXSourcesBuildPhase;
			buildActionMask = 2147483647;
			files = (
				2246DDDC255ECD0E00508A1B /* PhotosSearchPracticeTests.swift in Sources */,
			);
			runOnlyForDeploymentPostprocessing = 0;
		};
/* End PBXSourcesBuildPhase section */

/* Begin PBXTargetDependency section */
		2246DDD9255ECD0E00508A1B /* PBXTargetDependency */ = {
			isa = PBXTargetDependency;
			target = 2246DDBD255ECD0D00508A1B /* PhotosSearchPractice */;
			targetProxy = 2246DDD8255ECD0E00508A1B /* PBXContainerItemProxy */;
		};
/* End PBXTargetDependency section */

/* Begin PBXVariantGroup section */
		2246DDCF255ECD0E00508A1B /* LaunchScreen.storyboard */ = {
			isa = PBXVariantGroup;
			children = (
				2246DDD0255ECD0E00508A1B /* Base */,
			);
			name = LaunchScreen.storyboard;
			sourceTree = "<group>";
		};
/* End PBXVariantGroup section */

/* Begin XCBuildConfiguration section */
		2246DDDE255ECD0E00508A1B /* Debug */ = {
			isa = XCBuildConfiguration;
			buildSettings = {
				ALWAYS_SEARCH_USER_PATHS = NO;
				CLANG_ANALYZER_NONNULL = YES;
				CLANG_ANALYZER_NUMBER_OBJECT_CONVERSION = YES_AGGRESSIVE;
				CLANG_CXX_LANGUAGE_STANDARD = "gnu++14";
				CLANG_CXX_LIBRARY = "libc++";
				CLANG_ENABLE_MODULES = YES;
				CLANG_ENABLE_OBJC_ARC = YES;
				CLANG_ENABLE_OBJC_WEAK = YES;
				CLANG_WARN_BLOCK_CAPTURE_AUTORELEASING = YES;
				CLANG_WARN_BOOL_CONVERSION = YES;
				CLANG_WARN_COMMA = YES;
				CLANG_WARN_CONSTANT_CONVERSION = YES;
				CLANG_WARN_DEPRECATED_OBJC_IMPLEMENTATIONS = YES;
				CLANG_WARN_DIRECT_OBJC_ISA_USAGE = YES_ERROR;
				CLANG_WARN_DOCUMENTATION_COMMENTS = YES;
				CLANG_WARN_EMPTY_BODY = YES;
				CLANG_WARN_ENUM_CONVERSION = YES;
				CLANG_WARN_INFINITE_RECURSION = YES;
				CLANG_WARN_INT_CONVERSION = YES;
				CLANG_WARN_NON_LITERAL_NULL_CONVERSION = YES;
				CLANG_WARN_OBJC_IMPLICIT_RETAIN_SELF = YES;
				CLANG_WARN_OBJC_LITERAL_CONVERSION = YES;
				CLANG_WARN_OBJC_ROOT_CLASS = YES_ERROR;
				CLANG_WARN_RANGE_LOOP_ANALYSIS = YES;
				CLANG_WARN_STRICT_PROTOTYPES = YES;
				CLANG_WARN_SUSPICIOUS_MOVE = YES;
				CLANG_WARN_UNGUARDED_AVAILABILITY = YES_AGGRESSIVE;
				CLANG_WARN_UNREACHABLE_CODE = YES;
				CLANG_WARN__DUPLICATE_METHOD_MATCH = YES;
				COPY_PHASE_STRIP = NO;
				DEBUG_INFORMATION_FORMAT = dwarf;
				ENABLE_STRICT_OBJC_MSGSEND = YES;
				ENABLE_TESTABILITY = YES;
				GCC_C_LANGUAGE_STANDARD = gnu11;
				GCC_DYNAMIC_NO_PIC = NO;
				GCC_NO_COMMON_BLOCKS = YES;
				GCC_OPTIMIZATION_LEVEL = 0;
				GCC_PREPROCESSOR_DEFINITIONS = (
					"DEBUG=1",
					"$(inherited)",
				);
				GCC_WARN_64_TO_32_BIT_CONVERSION = YES;
				GCC_WARN_ABOUT_RETURN_TYPE = YES_ERROR;
				GCC_WARN_UNDECLARED_SELECTOR = YES;
				GCC_WARN_UNINITIALIZED_AUTOS = YES_AGGRESSIVE;
				GCC_WARN_UNUSED_FUNCTION = YES;
				GCC_WARN_UNUSED_VARIABLE = YES;
				IPHONEOS_DEPLOYMENT_TARGET = 13.0;
				MTL_ENABLE_DEBUG_INFO = INCLUDE_SOURCE;
				MTL_FAST_MATH = YES;
				ONLY_ACTIVE_ARCH = YES;
				SDKROOT = iphoneos;
				SWIFT_ACTIVE_COMPILATION_CONDITIONS = DEBUG;
				SWIFT_OPTIMIZATION_LEVEL = "-Onone";
			};
			name = Debug;
		};
		2246DDDF255ECD0E00508A1B /* Release */ = {
			isa = XCBuildConfiguration;
			buildSettings = {
				ALWAYS_SEARCH_USER_PATHS = NO;
				CLANG_ANALYZER_NONNULL = YES;
				CLANG_ANALYZER_NUMBER_OBJECT_CONVERSION = YES_AGGRESSIVE;
				CLANG_CXX_LANGUAGE_STANDARD = "gnu++14";
				CLANG_CXX_LIBRARY = "libc++";
				CLANG_ENABLE_MODULES = YES;
				CLANG_ENABLE_OBJC_ARC = YES;
				CLANG_ENABLE_OBJC_WEAK = YES;
				CLANG_WARN_BLOCK_CAPTURE_AUTORELEASING = YES;
				CLANG_WARN_BOOL_CONVERSION = YES;
				CLANG_WARN_COMMA = YES;
				CLANG_WARN_CONSTANT_CONVERSION = YES;
				CLANG_WARN_DEPRECATED_OBJC_IMPLEMENTATIONS = YES;
				CLANG_WARN_DIRECT_OBJC_ISA_USAGE = YES_ERROR;
				CLANG_WARN_DOCUMENTATION_COMMENTS = YES;
				CLANG_WARN_EMPTY_BODY = YES;
				CLANG_WARN_ENUM_CONVERSION = YES;
				CLANG_WARN_INFINITE_RECURSION = YES;
				CLANG_WARN_INT_CONVERSION = YES;
				CLANG_WARN_NON_LITERAL_NULL_CONVERSION = YES;
				CLANG_WARN_OBJC_IMPLICIT_RETAIN_SELF = YES;
				CLANG_WARN_OBJC_LITERAL_CONVERSION = YES;
				CLANG_WARN_OBJC_ROOT_CLASS = YES_ERROR;
				CLANG_WARN_RANGE_LOOP_ANALYSIS = YES;
				CLANG_WARN_STRICT_PROTOTYPES = YES;
				CLANG_WARN_SUSPICIOUS_MOVE = YES;
				CLANG_WARN_UNGUARDED_AVAILABILITY = YES_AGGRESSIVE;
				CLANG_WARN_UNREACHABLE_CODE = YES;
				CLANG_WARN__DUPLICATE_METHOD_MATCH = YES;
				COPY_PHASE_STRIP = NO;
				DEBUG_INFORMATION_FORMAT = "dwarf-with-dsym";
				ENABLE_NS_ASSERTIONS = NO;
				ENABLE_STRICT_OBJC_MSGSEND = YES;
				GCC_C_LANGUAGE_STANDARD = gnu11;
				GCC_NO_COMMON_BLOCKS = YES;
				GCC_WARN_64_TO_32_BIT_CONVERSION = YES;
				GCC_WARN_ABOUT_RETURN_TYPE = YES_ERROR;
				GCC_WARN_UNDECLARED_SELECTOR = YES;
				GCC_WARN_UNINITIALIZED_AUTOS = YES_AGGRESSIVE;
				GCC_WARN_UNUSED_FUNCTION = YES;
				GCC_WARN_UNUSED_VARIABLE = YES;
				IPHONEOS_DEPLOYMENT_TARGET = 13.0;
				MTL_ENABLE_DEBUG_INFO = NO;
				MTL_FAST_MATH = YES;
				SDKROOT = iphoneos;
				SWIFT_COMPILATION_MODE = wholemodule;
				SWIFT_OPTIMIZATION_LEVEL = "-O";
				VALIDATE_PRODUCT = YES;
			};
			name = Release;
		};
		2246DDE1255ECD0E00508A1B /* Debug */ = {
			isa = XCBuildConfiguration;
			baseConfigurationReference = 91074759752CB5B4CBA6319D /* Pods-PhotosSearchPractice.debug.xcconfig */;
			buildSettings = {
				ASSETCATALOG_COMPILER_APPICON_NAME = AppIcon;
				CODE_SIGN_STYLE = Automatic;
				DEVELOPMENT_TEAM = Y2DKFSBG56;
				INFOPLIST_FILE = PhotosSearchPractice/Info.plist;
				LD_RUNPATH_SEARCH_PATHS = (
					"$(inherited)",
					"@executable_path/Frameworks",
				);
				PRODUCT_BUNDLE_IDENTIFIER = com.PersonalProject.PhotosSearchPractice;
				PRODUCT_NAME = "$(TARGET_NAME)";
				SWIFT_VERSION = 5.0;
				TARGETED_DEVICE_FAMILY = "1,2";
			};
			name = Debug;
		};
		2246DDE2255ECD0E00508A1B /* Release */ = {
			isa = XCBuildConfiguration;
			baseConfigurationReference = 7B85C4DD418A927D017700BC /* Pods-PhotosSearchPractice.release.xcconfig */;
			buildSettings = {
				ASSETCATALOG_COMPILER_APPICON_NAME = AppIcon;
				CODE_SIGN_STYLE = Automatic;
				DEVELOPMENT_TEAM = Y2DKFSBG56;
				INFOPLIST_FILE = PhotosSearchPractice/Info.plist;
				LD_RUNPATH_SEARCH_PATHS = (
					"$(inherited)",
					"@executable_path/Frameworks",
				);
				PRODUCT_BUNDLE_IDENTIFIER = com.PersonalProject.PhotosSearchPractice;
				PRODUCT_NAME = "$(TARGET_NAME)";
				SWIFT_VERSION = 5.0;
				TARGETED_DEVICE_FAMILY = "1,2";
			};
			name = Release;
		};
		2246DDE4255ECD0E00508A1B /* Debug */ = {
			isa = XCBuildConfiguration;
			baseConfigurationReference = C314D70CF81D6CC49E11C572 /* Pods-PhotosSearchPracticeTests.debug.xcconfig */;
			buildSettings = {
				ALWAYS_EMBED_SWIFT_STANDARD_LIBRARIES = YES;
				BUNDLE_LOADER = "$(TEST_HOST)";
				CODE_SIGN_STYLE = Automatic;
				DEVELOPMENT_TEAM = Y2DKFSBG56;
				INFOPLIST_FILE = PhotosSearchPracticeTests/Info.plist;
				IPHONEOS_DEPLOYMENT_TARGET = 13.0;
				LD_RUNPATH_SEARCH_PATHS = (
					"$(inherited)",
					"@executable_path/Frameworks",
					"@loader_path/Frameworks",
				);
				PRODUCT_BUNDLE_IDENTIFIER = com.PersonalProject.PhotosSearchPracticeTests;
				PRODUCT_NAME = "$(TARGET_NAME)";
				SWIFT_VERSION = 5.0;
				TARGETED_DEVICE_FAMILY = "1,2";
				TEST_HOST = "$(BUILT_PRODUCTS_DIR)/PhotosSearchPractice.app/PhotosSearchPractice";
			};
			name = Debug;
		};
		2246DDE5255ECD0E00508A1B /* Release */ = {
			isa = XCBuildConfiguration;
			baseConfigurationReference = CE11F8A9B065E97607B757D8 /* Pods-PhotosSearchPracticeTests.release.xcconfig */;
			buildSettings = {
				ALWAYS_EMBED_SWIFT_STANDARD_LIBRARIES = YES;
				BUNDLE_LOADER = "$(TEST_HOST)";
				CODE_SIGN_STYLE = Automatic;
				DEVELOPMENT_TEAM = Y2DKFSBG56;
				INFOPLIST_FILE = PhotosSearchPracticeTests/Info.plist;
				IPHONEOS_DEPLOYMENT_TARGET = 13.0;
				LD_RUNPATH_SEARCH_PATHS = (
					"$(inherited)",
					"@executable_path/Frameworks",
					"@loader_path/Frameworks",
				);
				PRODUCT_BUNDLE_IDENTIFIER = com.PersonalProject.PhotosSearchPracticeTests;
				PRODUCT_NAME = "$(TARGET_NAME)";
				SWIFT_VERSION = 5.0;
				TARGETED_DEVICE_FAMILY = "1,2";
				TEST_HOST = "$(BUILT_PRODUCTS_DIR)/PhotosSearchPractice.app/PhotosSearchPractice";
			};
			name = Release;
		};
/* End XCBuildConfiguration section */

/* Begin XCConfigurationList section */
		2246DDB9255ECD0D00508A1B /* Build configuration list for PBXProject "PhotosSearchPractice" */ = {
			isa = XCConfigurationList;
			buildConfigurations = (
				2246DDDE255ECD0E00508A1B /* Debug */,
				2246DDDF255ECD0E00508A1B /* Release */,
			);
			defaultConfigurationIsVisible = 0;
			defaultConfigurationName = Release;
		};
		2246DDE0255ECD0E00508A1B /* Build configuration list for PBXNativeTarget "PhotosSearchPractice" */ = {
			isa = XCConfigurationList;
			buildConfigurations = (
				2246DDE1255ECD0E00508A1B /* Debug */,
				2246DDE2255ECD0E00508A1B /* Release */,
			);
			defaultConfigurationIsVisible = 0;
			defaultConfigurationName = Release;
		};
		2246DDE3255ECD0E00508A1B /* Build configuration list for PBXNativeTarget "PhotosSearchPracticeTests" */ = {
			isa = XCConfigurationList;
			buildConfigurations = (
				2246DDE4255ECD0E00508A1B /* Debug */,
				2246DDE5255ECD0E00508A1B /* Release */,
			);
			defaultConfigurationIsVisible = 0;
			defaultConfigurationName = Release;
		};
/* End XCConfigurationList section */

/* Begin XCVersionGroup section */
		2246DDCA255ECD0D00508A1B /* PhotosSearchPractice.xcdatamodeld */ = {
			isa = XCVersionGroup;
			children = (
				2246DDCB255ECD0D00508A1B /* PhotosSearchPractice.xcdatamodel */,
			);
			currentVersion = 2246DDCB255ECD0D00508A1B /* PhotosSearchPractice.xcdatamodel */;
			path = PhotosSearchPractice.xcdatamodeld;
			sourceTree = "<group>";
			versionGroupType = wrapper.xcdatamodel;
		};
/* End XCVersionGroup section */
	};
	rootObject = 2246DDB6255ECD0D00508A1B /* Project object */;
}
